// !$*UTF8*$!
{
	archiveVersion = 1;
	classes = {
	};
	objectVersion = 56;
	objects = {

/* Begin PBXBuildFile section */
		431246BC2EC2251C00444C9B /* DoneButton.swift in Sources */ = {isa = PBXBuildFile; fileRef = 431246BB2EC2251400444C9B /* DoneButton.swift */; };
		431246C02EC2268300444C9B /* OnboardingView.swift in Sources */ = {isa = PBXBuildFile; fileRef = 431246BF2EC2268300444C9B /* OnboardingView.swift */; };
		431246C32EC234DC00444C9B /* LoginView.swift in Sources */ = {isa = PBXBuildFile; fileRef = 431246C22EC234DC00444C9B /* LoginView.swift */; };
		432F48F72EC0E3FC006BBF6E /* NormalButton.swift in Sources */ = {isa = PBXBuildFile; fileRef = 432F48F62EC0E3F7006BBF6E /* NormalButton.swift */; };
		435524552EFD56A900310333 /* LoginViewModel.swift in Sources */ = {isa = PBXBuildFile; fileRef = 435524542EFD56A900310333 /* LoginViewModel.swift */; };
		43C1CF552ECA160000A1A768 /* HeaderView.swift in Sources */ = {isa = PBXBuildFile; fileRef = 43C1CF542ECA160000A1A768 /* HeaderView.swift */; };
		43C1CF572ECA1A2700A1A768 /* AvipayTextFieldView.swift in Sources */ = {isa = PBXBuildFile; fileRef = 43C1CF562ECA1A2700A1A768 /* AvipayTextFieldView.swift */; };
		43C1CF5B2ECA23FE00A1A768 /* InputFieldType.swift in Sources */ = {isa = PBXBuildFile; fileRef = 43C1CF5A2ECA23FC00A1A768 /* InputFieldType.swift */; };
		43C1CF5D2ECA245D00A1A768 /* AvipayTextFieldValidator.swift in Sources */ = {isa = PBXBuildFile; fileRef = 43C1CF5C2ECA245100A1A768 /* AvipayTextFieldValidator.swift */; };
		43DADADA2EC0C0A7007A7E70 /* Colors.xcassets in Resources */ = {isa = PBXBuildFile; fileRef = 43DADAD92EC0C0A7007A7E70 /* Colors.xcassets */; };
		43DADADD2EC0C276007A7E70 /* Fonts.swift in Sources */ = {isa = PBXBuildFile; fileRef = 43DADADC2EC0C272007A7E70 /* Fonts.swift */; };
		43DADAE12EC0C49B007A7E70 /* DMSans-Regular.ttf in Resources */ = {isa = PBXBuildFile; fileRef = 43DADAE02EC0C49B007A7E70 /* DMSans-Regular.ttf */; };
		43DADAE22EC0C49B007A7E70 /* DMSans-Medium.ttf in Resources */ = {isa = PBXBuildFile; fileRef = 43DADADF2EC0C49B007A7E70 /* DMSans-Medium.ttf */; };
		7918F9242EBA7E9500B7EEDE /* Avipay_WalletApp.swift in Sources */ = {isa = PBXBuildFile; fileRef = 7918F9232EBA7E9500B7EEDE /* Avipay_WalletApp.swift */; };
		7918F9282EBA7E9700B7EEDE /* Assets.xcassets in Resources */ = {isa = PBXBuildFile; fileRef = 7918F9272EBA7E9700B7EEDE /* Assets.xcassets */; };
		7918F92B2EBA7E9700B7EEDE /* Preview Assets.xcassets in Resources */ = {isa = PBXBuildFile; fileRef = 7918F92A2EBA7E9700B7EEDE /* Preview Assets.xcassets */; };
/* End PBXBuildFile section */

/* Begin PBXFileReference section */
		431246BB2EC2251400444C9B /* DoneButton.swift */ = {isa = PBXFileReference; lastKnownFileType = sourcecode.swift; path = DoneButton.swift; sourceTree = "<group>"; };
		431246BF2EC2268300444C9B /* OnboardingView.swift */ = {isa = PBXFileReference; lastKnownFileType = sourcecode.swift; path = OnboardingView.swift; sourceTree = "<group>"; };
		431246C22EC234DC00444C9B /* LoginView.swift */ = {isa = PBXFileReference; lastKnownFileType = sourcecode.swift; path = LoginView.swift; sourceTree = "<group>"; };
		432F48F62EC0E3F7006BBF6E /* NormalButton.swift */ = {isa = PBXFileReference; lastKnownFileType = sourcecode.swift; path = NormalButton.swift; sourceTree = "<group>"; };
		435524542EFD56A900310333 /* LoginViewModel.swift */ = {isa = PBXFileReference; lastKnownFileType = sourcecode.swift; path = LoginViewModel.swift; sourceTree = "<group>"; };
		43C1CF542ECA160000A1A768 /* HeaderView.swift */ = {isa = PBXFileReference; lastKnownFileType = sourcecode.swift; path = HeaderView.swift; sourceTree = "<group>"; };
		43C1CF562ECA1A2700A1A768 /* AvipayTextFieldView.swift */ = {isa = PBXFileReference; lastKnownFileType = sourcecode.swift; path = AvipayTextFieldView.swift; sourceTree = "<group>"; };
		43C1CF5A2ECA23FC00A1A768 /* InputFieldType.swift */ = {isa = PBXFileReference; lastKnownFileType = sourcecode.swift; path = InputFieldType.swift; sourceTree = "<group>"; };
		43C1CF5C2ECA245100A1A768 /* AvipayTextFieldValidator.swift */ = {isa = PBXFileReference; lastKnownFileType = sourcecode.swift; path = AvipayTextFieldValidator.swift; sourceTree = "<group>"; };
		43DADAD92EC0C0A7007A7E70 /* Colors.xcassets */ = {isa = PBXFileReference; lastKnownFileType = folder.assetcatalog; path = Colors.xcassets; sourceTree = "<group>"; };
		43DADADC2EC0C272007A7E70 /* Fonts.swift */ = {isa = PBXFileReference; lastKnownFileType = sourcecode.swift; path = Fonts.swift; sourceTree = "<group>"; };
		43DADADF2EC0C49B007A7E70 /* DMSans-Medium.ttf */ = {isa = PBXFileReference; lastKnownFileType = file; path = "DMSans-Medium.ttf"; sourceTree = "<group>"; };
		43DADAE02EC0C49B007A7E70 /* DMSans-Regular.ttf */ = {isa = PBXFileReference; lastKnownFileType = file; path = "DMSans-Regular.ttf"; sourceTree = "<group>"; };
		7918F9202EBA7E9500B7EEDE /* Avipay-Wallet.app */ = {isa = PBXFileReference; explicitFileType = wrapper.application; includeInIndex = 0; path = "Avipay-Wallet.app"; sourceTree = BUILT_PRODUCTS_DIR; };
		7918F9232EBA7E9500B7EEDE /* Avipay_WalletApp.swift */ = {isa = PBXFileReference; lastKnownFileType = sourcecode.swift; path = Avipay_WalletApp.swift; sourceTree = "<group>"; };
		7918F9272EBA7E9700B7EEDE /* Assets.xcassets */ = {isa = PBXFileReference; lastKnownFileType = folder.assetcatalog; path = Assets.xcassets; sourceTree = "<group>"; };
		7918F92A2EBA7E9700B7EEDE /* Preview Assets.xcassets */ = {isa = PBXFileReference; lastKnownFileType = folder.assetcatalog; path = "Preview Assets.xcassets"; sourceTree = "<group>"; };
/* End PBXFileReference section */

/* Begin PBXFrameworksBuildPhase section */
		7918F91D2EBA7E9500B7EEDE /* Frameworks */ = {
			isa = PBXFrameworksBuildPhase;
			buildActionMask = 2147483647;
			files = (
			);
			runOnlyForDeploymentPostprocessing = 0;
		};
/* End PBXFrameworksBuildPhase section */

/* Begin PBXGroup section */
		431246BA2EC2250900444C9B /* DoneButton */ = {
			isa = PBXGroup;
			children = (
				431246BB2EC2251400444C9B /* DoneButton.swift */,
			);
			path = DoneButton;
			sourceTree = "<group>";
		};
		431246BD2EC2264600444C9B /* Scenes */ = {
			isa = PBXGroup;
			children = (
				431246BE2EC2265E00444C9B /* Onboarding */,
				431246C12EC234CE00444C9B /* Login */,
			);
			path = Scenes;
			sourceTree = "<group>";
		};
		431246BE2EC2265E00444C9B /* Onboarding */ = {
			isa = PBXGroup;
			children = (
				431246BF2EC2268300444C9B /* OnboardingView.swift */,
			);
			path = Onboarding;
			sourceTree = "<group>";
		};
		431246C12EC234CE00444C9B /* Login */ = {
			isa = PBXGroup;
			children = (
				431246C22EC234DC00444C9B /* LoginView.swift */,
				435524542EFD56A900310333 /* LoginViewModel.swift */,
			);
			path = Login;
			sourceTree = "<group>";
		};
		432F48F42EC0E3A5006BBF6E /* Buttons */ = {
			isa = PBXGroup;
			children = (
				431246BA2EC2250900444C9B /* DoneButton */,
				432F48F52EC0E3E7006BBF6E /* NormalButton */,
			);
			path = Buttons;
			sourceTree = "<group>";
		};
		432F48F52EC0E3E7006BBF6E /* NormalButton */ = {
			isa = PBXGroup;
			children = (
				432F48F62EC0E3F7006BBF6E /* NormalButton.swift */,
			);
			path = NormalButton;
			sourceTree = "<group>";
		};
		43C1CF532ECA15DD00A1A768 /* ReusableViews */ = {
			isa = PBXGroup;
			children = (
				43C1CF542ECA160000A1A768 /* HeaderView.swift */,
				43C1CF592ECA23E900A1A768 /* AvipayTextField */,
			);
			path = ReusableViews;
			sourceTree = "<group>";
		};
		43C1CF592ECA23E900A1A768 /* AvipayTextField */ = {
			isa = PBXGroup;
			children = (
				43C1CF5C2ECA245100A1A768 /* AvipayTextFieldValidator.swift */,
				43C1CF5A2ECA23FC00A1A768 /* InputFieldType.swift */,
				43C1CF562ECA1A2700A1A768 /* AvipayTextFieldView.swift */,
			);
			path = AvipayTextField;
			sourceTree = "<group>";
		};
		43DADAD62EC0C080007A7E70 /* Resources */ = {
			isa = PBXGroup;
			children = (
				43DADADE2EC0C425007A7E70 /* Fonts */,
				7918F9272EBA7E9700B7EEDE /* Assets.xcassets */,
				43DADAD92EC0C0A7007A7E70 /* Colors.xcassets */,
			);
			path = Resources;
			sourceTree = "<group>";
		};
		43DADADB2EC0C266007A7E70 /* DesignSystem */ = {
			isa = PBXGroup;
			children = (
				432F48F42EC0E3A5006BBF6E /* Buttons */,
				43DADADC2EC0C272007A7E70 /* Fonts.swift */,
			);
			path = DesignSystem;
			sourceTree = "<group>";
		};
		43DADADE2EC0C425007A7E70 /* Fonts */ = {
			isa = PBXGroup;
			children = (
				43DADADF2EC0C49B007A7E70 /* DMSans-Medium.ttf */,
				43DADAE02EC0C49B007A7E70 /* DMSans-Regular.ttf */,
			);
			path = Fonts;
			sourceTree = "<group>";
		};
		7918F9172EBA7E9500B7EEDE = {
			isa = PBXGroup;
			children = (
				7918F9222EBA7E9500B7EEDE /* Avipay-Wallet */,
				7918F9212EBA7E9500B7EEDE /* Products */,
			);
			sourceTree = "<group>";
		};
		7918F9212EBA7E9500B7EEDE /* Products */ = {
			isa = PBXGroup;
			children = (
				7918F9202EBA7E9500B7EEDE /* Avipay-Wallet.app */,
			);
			name = Products;
			sourceTree = "<group>";
		};
		7918F9222EBA7E9500B7EEDE /* Avipay-Wallet */ = {
			isa = PBXGroup;
			children = (
				43DADAD62EC0C080007A7E70 /* Resources */,
				43DADADB2EC0C266007A7E70 /* DesignSystem */,
				43C1CF532ECA15DD00A1A768 /* ReusableViews */,
				431246BD2EC2264600444C9B /* Scenes */,
				7918F9232EBA7E9500B7EEDE /* Avipay_WalletApp.swift */,
				7918F9292EBA7E9700B7EEDE /* Preview Content */,
			);
			path = "Avipay-Wallet";
			sourceTree = "<group>";
		};
		7918F9292EBA7E9700B7EEDE /* Preview Content */ = {
			isa = PBXGroup;
			children = (
				7918F92A2EBA7E9700B7EEDE /* Preview Assets.xcassets */,
			);
			path = "Preview Content";
			sourceTree = "<group>";
		};
/* End PBXGroup section */

/* Begin PBXNativeTarget section */
		7918F91F2EBA7E9500B7EEDE /* Avipay-Wallet */ = {
			isa = PBXNativeTarget;
			buildConfigurationList = 7918F92E2EBA7E9700B7EEDE /* Build configuration list for PBXNativeTarget "Avipay-Wallet" */;
			buildPhases = (
				7918F91C2EBA7E9500B7EEDE /* Sources */,
				7918F91D2EBA7E9500B7EEDE /* Frameworks */,
				7918F91E2EBA7E9500B7EEDE /* Resources */,
			);
			buildRules = (
			);
			dependencies = (
			);
			name = "Avipay-Wallet";
			productName = "Avipay-Wallet";
			productReference = 7918F9202EBA7E9500B7EEDE /* Avipay-Wallet.app */;
			productType = "com.apple.product-type.application";
		};
/* End PBXNativeTarget section */

/* Begin PBXProject section */
		7918F9182EBA7E9500B7EEDE /* Project object */ = {
			isa = PBXProject;
			attributes = {
				BuildIndependentTargetsInParallel = 1;
				LastSwiftUpdateCheck = 1520;
				LastUpgradeCheck = 1520;
				TargetAttributes = {
					7918F91F2EBA7E9500B7EEDE = {
						CreatedOnToolsVersion = 15.2;
					};
				};
			};
			buildConfigurationList = 7918F91B2EBA7E9500B7EEDE /* Build configuration list for PBXProject "Avipay-Wallet" */;
			compatibilityVersion = "Xcode 14.0";
			developmentRegion = en;
			hasScannedForEncodings = 0;
			knownRegions = (
				en,
				Base,
			);
			mainGroup = 7918F9172EBA7E9500B7EEDE;
			productRefGroup = 7918F9212EBA7E9500B7EEDE /* Products */;
			projectDirPath = "";
			projectRoot = "";
			targets = (
				7918F91F2EBA7E9500B7EEDE /* Avipay-Wallet */,
			);
		};
/* End PBXProject section */

/* Begin PBXResourcesBuildPhase section */
		7918F91E2EBA7E9500B7EEDE /* Resources */ = {
			isa = PBXResourcesBuildPhase;
			buildActionMask = 2147483647;
			files = (
				43DADAE12EC0C49B007A7E70 /* DMSans-Regular.ttf in Resources */,
				43DADAE22EC0C49B007A7E70 /* DMSans-Medium.ttf in Resources */,
				43DADADA2EC0C0A7007A7E70 /* Colors.xcassets in Resources */,
				7918F92B2EBA7E9700B7EEDE /* Preview Assets.xcassets in Resources */,
				7918F9282EBA7E9700B7EEDE /* Assets.xcassets in Resources */,
			);
			runOnlyForDeploymentPostprocessing = 0;
		};
/* End PBXResourcesBuildPhase section */

/* Begin PBXSourcesBuildPhase section */
		7918F91C2EBA7E9500B7EEDE /* Sources */ = {
			isa = PBXSourcesBuildPhase;
			buildActionMask = 2147483647;
			files = (
				431246C32EC234DC00444C9B /* LoginView.swift in Sources */,
				431246BC2EC2251C00444C9B /* DoneButton.swift in Sources */,
				435524552EFD56A900310333 /* LoginViewModel.swift in Sources */,
				43C1CF5D2ECA245D00A1A768 /* AvipayTextFieldValidator.swift in Sources */,
				43C1CF572ECA1A2700A1A768 /* AvipayTextFieldView.swift in Sources */,
				43DADADD2EC0C276007A7E70 /* Fonts.swift in Sources */,
				431246C02EC2268300444C9B /* OnboardingView.swift in Sources */,
				432F48F72EC0E3FC006BBF6E /* NormalButton.swift in Sources */,
				43C1CF5B2ECA23FE00A1A768 /* InputFieldType.swift in Sources */,
				7918F9242EBA7E9500B7EEDE /* Avipay_WalletApp.swift in Sources */,
				43C1CF552ECA160000A1A768 /* HeaderView.swift in Sources */,
			);
			runOnlyForDeploymentPostprocessing = 0;
		};
/* End PBXSourcesBuildPhase section */

/* Begin XCBuildConfiguration section */
		7918F92C2EBA7E9700B7EEDE /* Debug */ = {
			isa = XCBuildConfiguration;
			buildSettings = {
				ALWAYS_SEARCH_USER_PATHS = NO;
				ASSETCATALOG_COMPILER_GENERATE_SWIFT_ASSET_SYMBOL_EXTENSIONS = YES;
				CLANG_ANALYZER_NONNULL = YES;
				CLANG_ANALYZER_NUMBER_OBJECT_CONVERSION = YES_AGGRESSIVE;
				CLANG_CXX_LANGUAGE_STANDARD = "gnu++20";
				CLANG_ENABLE_MODULES = YES;
				CLANG_ENABLE_OBJC_ARC = YES;
				CLANG_ENABLE_OBJC_WEAK = YES;
				CLANG_WARN_BLOCK_CAPTURE_AUTORELEASING = YES;
				CLANG_WARN_BOOL_CONVERSION = YES;
				CLANG_WARN_COMMA = YES;
				CLANG_WARN_CONSTANT_CONVERSION = YES;
				CLANG_WARN_DEPRECATED_OBJC_IMPLEMENTATIONS = YES;
				CLANG_WARN_DIRECT_OBJC_ISA_USAGE = YES_ERROR;
				CLANG_WARN_DOCUMENTATION_COMMENTS = YES;
				CLANG_WARN_EMPTY_BODY = YES;
				CLANG_WARN_ENUM_CONVERSION = YES;
				CLANG_WARN_INFINITE_RECURSION = YES;
				CLANG_WARN_INT_CONVERSION = YES;
				CLANG_WARN_NON_LITERAL_NULL_CONVERSION = YES;
				CLANG_WARN_OBJC_IMPLICIT_RETAIN_SELF = YES;
				CLANG_WARN_OBJC_LITERAL_CONVERSION = YES;
				CLANG_WARN_OBJC_ROOT_CLASS = YES_ERROR;
				CLANG_WARN_QUOTED_INCLUDE_IN_FRAMEWORK_HEADER = YES;
				CLANG_WARN_RANGE_LOOP_ANALYSIS = YES;
				CLANG_WARN_STRICT_PROTOTYPES = YES;
				CLANG_WARN_SUSPICIOUS_MOVE = YES;
				CLANG_WARN_UNGUARDED_AVAILABILITY = YES_AGGRESSIVE;
				CLANG_WARN_UNREACHABLE_CODE = YES;
				CLANG_WARN__DUPLICATE_METHOD_MATCH = YES;
				COPY_PHASE_STRIP = NO;
				DEBUG_INFORMATION_FORMAT = dwarf;
				ENABLE_STRICT_OBJC_MSGSEND = YES;
				ENABLE_TESTABILITY = YES;
				ENABLE_USER_SCRIPT_SANDBOXING = YES;
				GCC_C_LANGUAGE_STANDARD = gnu17;
				GCC_DYNAMIC_NO_PIC = NO;
				GCC_NO_COMMON_BLOCKS = YES;
				GCC_OPTIMIZATION_LEVEL = 0;
				GCC_PREPROCESSOR_DEFINITIONS = (
					"DEBUG=1",
					"$(inherited)",
				);
				GCC_WARN_64_TO_32_BIT_CONVERSION = YES;
				GCC_WARN_ABOUT_RETURN_TYPE = YES_ERROR;
				GCC_WARN_UNDECLARED_SELECTOR = YES;
				GCC_WARN_UNINITIALIZED_AUTOS = YES_AGGRESSIVE;
				GCC_WARN_UNUSED_FUNCTION = YES;
				GCC_WARN_UNUSED_VARIABLE = YES;
				IPHONEOS_DEPLOYMENT_TARGET = 17.2;
				LOCALIZATION_PREFERS_STRING_CATALOGS = YES;
				MTL_ENABLE_DEBUG_INFO = INCLUDE_SOURCE;
				MTL_FAST_MATH = YES;
				ONLY_ACTIVE_ARCH = YES;
				SDKROOT = iphoneos;
				SWIFT_ACTIVE_COMPILATION_CONDITIONS = "DEBUG $(inherited)";
				SWIFT_OPTIMIZATION_LEVEL = "-Onone";
			};
			name = Debug;
		};
		7918F92D2EBA7E9700B7EEDE /* Release */ = {
			isa = XCBuildConfiguration;
			buildSettings = {
				ALWAYS_SEARCH_USER_PATHS = NO;
				ASSETCATALOG_COMPILER_GENERATE_SWIFT_ASSET_SYMBOL_EXTENSIONS = YES;
				CLANG_ANALYZER_NONNULL = YES;
				CLANG_ANALYZER_NUMBER_OBJECT_CONVERSION = YES_AGGRESSIVE;
				CLANG_CXX_LANGUAGE_STANDARD = "gnu++20";
				CLANG_ENABLE_MODULES = YES;
				CLANG_ENABLE_OBJC_ARC = YES;
				CLANG_ENABLE_OBJC_WEAK = YES;
				CLANG_WARN_BLOCK_CAPTURE_AUTORELEASING = YES;
				CLANG_WARN_BOOL_CONVERSION = YES;
				CLANG_WARN_COMMA = YES;
				CLANG_WARN_CONSTANT_CONVERSION = YES;
				CLANG_WARN_DEPRECATED_OBJC_IMPLEMENTATIONS = YES;
				CLANG_WARN_DIRECT_OBJC_ISA_USAGE = YES_ERROR;
				CLANG_WARN_DOCUMENTATION_COMMENTS = YES;
				CLANG_WARN_EMPTY_BODY = YES;
				CLANG_WARN_ENUM_CONVERSION = YES;
				CLANG_WARN_INFINITE_RECURSION = YES;
				CLANG_WARN_INT_CONVERSION = YES;
				CLANG_WARN_NON_LITERAL_NULL_CONVERSION = YES;
				CLANG_WARN_OBJC_IMPLICIT_RETAIN_SELF = YES;
				CLANG_WARN_OBJC_LITERAL_CONVERSION = YES;
				CLANG_WARN_OBJC_ROOT_CLASS = YES_ERROR;
				CLANG_WARN_QUOTED_INCLUDE_IN_FRAMEWORK_HEADER = YES;
				CLANG_WARN_RANGE_LOOP_ANALYSIS = YES;
				CLANG_WARN_STRICT_PROTOTYPES = YES;
				CLANG_WARN_SUSPICIOUS_MOVE = YES;
				CLANG_WARN_UNGUARDED_AVAILABILITY = YES_AGGRESSIVE;
				CLANG_WARN_UNREACHABLE_CODE = YES;
				CLANG_WARN__DUPLICATE_METHOD_MATCH = YES;
				COPY_PHASE_STRIP = NO;
				DEBUG_INFORMATION_FORMAT = "dwarf-with-dsym";
				ENABLE_NS_ASSERTIONS = NO;
				ENABLE_STRICT_OBJC_MSGSEND = YES;
				ENABLE_USER_SCRIPT_SANDBOXING = YES;
				GCC_C_LANGUAGE_STANDARD = gnu17;
				GCC_NO_COMMON_BLOCKS = YES;
				GCC_WARN_64_TO_32_BIT_CONVERSION = YES;
				GCC_WARN_ABOUT_RETURN_TYPE = YES_ERROR;
				GCC_WARN_UNDECLARED_SELECTOR = YES;
				GCC_WARN_UNINITIALIZED_AUTOS = YES_AGGRESSIVE;
				GCC_WARN_UNUSED_FUNCTION = YES;
				GCC_WARN_UNUSED_VARIABLE = YES;
				IPHONEOS_DEPLOYMENT_TARGET = 17.2;
				LOCALIZATION_PREFERS_STRING_CATALOGS = YES;
				MTL_ENABLE_DEBUG_INFO = NO;
				MTL_FAST_MATH = YES;
				SDKROOT = iphoneos;
				SWIFT_COMPILATION_MODE = wholemodule;
				VALIDATE_PRODUCT = YES;
			};
			name = Release;
		};
		7918F92F2EBA7E9700B7EEDE /* Debug */ = {
			isa = XCBuildConfiguration;
			buildSettings = {
				ASSETCATALOG_COMPILER_APPICON_NAME = AppIcon;
				ASSETCATALOG_COMPILER_GLOBAL_ACCENT_COLOR_NAME = AccentColor;
				CODE_SIGN_STYLE = Automatic;
				CURRENT_PROJECT_VERSION = 1;
				DEVELOPMENT_ASSET_PATHS = "\"Avipay-Wallet/Preview Content\"";
				DEVELOPMENT_TEAM = WUXSC8N9K8;
				ENABLE_PREVIEWS = YES;
				GENERATE_INFOPLIST_FILE = YES;
				INFOPLIST_KEY_UIApplicationSceneManifest_Generation = YES;
				INFOPLIST_KEY_UIApplicationSupportsIndirectInputEvents = YES;
				INFOPLIST_KEY_UILaunchScreen_Generation = YES;
				INFOPLIST_KEY_UISupportedInterfaceOrientations_iPad = "UIInterfaceOrientationPortrait UIInterfaceOrientationPortraitUpsideDown UIInterfaceOrientationLandscapeLeft UIInterfaceOrientationLandscapeRight";
				INFOPLIST_KEY_UISupportedInterfaceOrientations_iPhone = "UIInterfaceOrientationPortrait UIInterfaceOrientationLandscapeLeft UIInterfaceOrientationLandscapeRight";
				LD_RUNPATH_SEARCH_PATHS = (
					"$(inherited)",
					"@executable_path/Frameworks",
				);
				MARKETING_VERSION = 1.0;
				PRODUCT_BUNDLE_IDENTIFIER = "com.ahmednasr.Avipay-Wallet";
				PRODUCT_NAME = "$(TARGET_NAME)";
				SWIFT_EMIT_LOC_STRINGS = YES;
				SWIFT_VERSION = 5.0;
				TARGETED_DEVICE_FAMILY = "1,2";
			};
			name = Debug;
		};
		7918F9302EBA7E9700B7EEDE /* Release */ = {
			isa = XCBuildConfiguration;
			buildSettings = {
				ASSETCATALOG_COMPILER_APPICON_NAME = AppIcon;
				ASSETCATALOG_COMPILER_GLOBAL_ACCENT_COLOR_NAME = AccentColor;
				CODE_SIGN_STYLE = Automatic;
				CURRENT_PROJECT_VERSION = 1;
				DEVELOPMENT_ASSET_PATHS = "\"Avipay-Wallet/Preview Content\"";
				DEVELOPMENT_TEAM = WUXSC8N9K8;
				ENABLE_PREVIEWS = YES;
				GENERATE_INFOPLIST_FILE = YES;
				INFOPLIST_KEY_UIApplicationSceneManifest_Generation = YES;
				INFOPLIST_KEY_UIApplicationSupportsIndirectInputEvents = YES;
				INFOPLIST_KEY_UILaunchScreen_Generation = YES;
				INFOPLIST_KEY_UISupportedInterfaceOrientations_iPad = "UIInterfaceOrientationPortrait UIInterfaceOrientationPortraitUpsideDown UIInterfaceOrientationLandscapeLeft UIInterfaceOrientationLandscapeRight";
				INFOPLIST_KEY_UISupportedInterfaceOrientations_iPhone = "UIInterfaceOrientationPortrait UIInterfaceOrientationLandscapeLeft UIInterfaceOrientationLandscapeRight";
				LD_RUNPATH_SEARCH_PATHS = (
					"$(inherited)",
					"@executable_path/Frameworks",
				);
				MARKETING_VERSION = 1.0;
				PRODUCT_BUNDLE_IDENTIFIER = "com.ahmednasr.Avipay-Wallet";
				PRODUCT_NAME = "$(TARGET_NAME)";
				SWIFT_EMIT_LOC_STRINGS = YES;
				SWIFT_VERSION = 5.0;
				TARGETED_DEVICE_FAMILY = "1,2";
			};
			name = Release;
		};
/* End XCBuildConfiguration section */

/* Begin XCConfigurationList section */
		7918F91B2EBA7E9500B7EEDE /* Build configuration list for PBXProject "Avipay-Wallet" */ = {
			isa = XCConfigurationList;
			buildConfigurations = (
				7918F92C2EBA7E9700B7EEDE /* Debug */,
				7918F92D2EBA7E9700B7EEDE /* Release */,
			);
			defaultConfigurationIsVisible = 0;
			defaultConfigurationName = Release;
		};
		7918F92E2EBA7E9700B7EEDE /* Build configuration list for PBXNativeTarget "Avipay-Wallet" */ = {
			isa = XCConfigurationList;
			buildConfigurations = (
				7918F92F2EBA7E9700B7EEDE /* Debug */,
				7918F9302EBA7E9700B7EEDE /* Release */,
			);
			defaultConfigurationIsVisible = 0;
			defaultConfigurationName = Release;
		};
/* End XCConfigurationList section */
	};
	rootObject = 7918F9182EBA7E9500B7EEDE /* Project object */;
}
